
Microsoft Visual Studio Solution File, Format Version 12.00
# Visual Studio 2013
VisualStudioVersion = 12.0.30501.0
MinimumVisualStudioVersion = 10.0.40219.1
Project("{2150E333-8FDC-42A3-9474-1A3956D46DE8}") = "src", "src", "{C63D0373-27C0-4C1C-AEB6-935FBF0465B8}"
EndProject
Project("{FAE04EC0-301F-11D3-BF4B-00C04F79EFBC}") = "NProg.Distributed.Domain", "src\NProg.Distributed.Domain\NProg.Distributed.Domain.csproj", "{1487C697-4873-4265-B346-8782DA31B3AF}"
EndProject
Project("{2150E333-8FDC-42A3-9474-1A3956D46DE8}") = "apps", "apps", "{842095DB-A845-4F4F-B00C-B1EA348DB446}"
EndProject
Project("{2150E333-8FDC-42A3-9474-1A3956D46DE8}") = "common", "common", "{7FED1E69-8B86-4936-93EA-910BCE279F53}"
EndProject
Project("{2150E333-8FDC-42A3-9474-1A3956D46DE8}") = "framework", "framework", "{04832DD2-FE42-4845-B39A-5F4B356C74C9}"
EndProject
Project("{FAE04EC0-301F-11D3-BF4B-00C04F79EFBC}") = "NProg.Distributed.Client", "src\NProg.Distributed.Client\NProg.Distributed.Client.csproj", "{DC404E5D-4316-4A82-9F17-2B7F1FE6B209}"
EndProject
Project("{FAE04EC0-301F-11D3-BF4B-00C04F79EFBC}") = "NProg.Distributed.Service", "src\NProg.Distributed.Service\NProg.Distributed.Service.csproj", "{3AB7DCCB-B549-4F9F-B54D-C8025A139A8C}"
EndProject
Project("{FAE04EC0-301F-11D3-BF4B-00C04F79EFBC}") = "NProg.Distributed.Thrift", "src\NProg.Distributed.Thrift\NProg.Distributed.Thrift.csproj", "{0ECFA0CF-D3C2-4DC4-A7F9-6B69F269FF08}"
EndProject
Project("{2150E333-8FDC-42A3-9474-1A3956D46DE8}") = "SolutionItems", "SolutionItems", "{AB3E64C8-1914-4741-8D26-CE354A70FFCB}"
	ProjectSection(SolutionItems) = preProject
		perf_distributed_reports.txt = perf_distributed_reports.txt
		Thrift.GenerateCode.cmd = Thrift.GenerateCode.cmd
	EndProjectSection
EndProject
Project("{2150E333-8FDC-42A3-9474-1A3956D46DE8}") = ".nuget", ".nuget", "{6E46352C-AA16-4CA2-AE23-73ECA2BFE980}"
	ProjectSection(SolutionItems) = preProject
		.nuget\NuGet.Config = .nuget\NuGet.Config
		.nuget\NuGet.exe = .nuget\NuGet.exe
		.nuget\NuGet.targets = .nuget\NuGet.targets
	EndProjectSection
EndProject
Project("{2150E333-8FDC-42A3-9474-1A3956D46DE8}") = "database", "database", "{C3BB18C4-29E7-4C65-B93F-2DD287582C56}"
EndProject
Project("{FAE04EC0-301F-11D3-BF4B-00C04F79EFBC}") = "NProg.Distributed.NDatabase", "src\NProg.Distributed.NDatabase\NProg.Distributed.NDatabase.csproj", "{D0D3D474-E9B1-442D-939C-FD582020475F}"
EndProject
Project("{FAE04EC0-301F-11D3-BF4B-00C04F79EFBC}") = "NProg.Distributed.Server", "src\NProg.Distributed.Server\NProg.Distributed.Server.csproj", "{FBC30C00-9FEC-4D25-B706-B49E354ACB3F}"
EndProject
Project("{FAE04EC0-301F-11D3-BF4B-00C04F79EFBC}") = "NProg.Distributed.ZeroMQ", "src\NProg.Distributed.ZeroMQ\NProg.Distributed.ZeroMQ.csproj", "{1355E9DA-7326-4A28-A117-6333ADC5FF99}"
EndProject
Project("{FAE04EC0-301F-11D3-BF4B-00C04F79EFBC}") = "NProg.Distributed.Messaging", "src\NProg.Distributed.Messaging\NProg.Distributed.Messaging.csproj", "{8FA0B9DB-FECA-4F4B-8A0B-963BDD2E437B}"
EndProject
Project("{2150E333-8FDC-42A3-9474-1A3956D46DE8}") = "test", "test", "{26446979-8C4E-4935-85A8-54FADC0FAFC4}"
EndProject
Project("{FAE04EC0-301F-11D3-BF4B-00C04F79EFBC}") = "NProg.Distributed.Tests", "test\NProg.Distributed.Tests\NProg.Distributed.Tests.csproj", "{7FD0600F-A707-4883-9182-1229C102DB7E}"
EndProject
Project("{FAE04EC0-301F-11D3-BF4B-00C04F79EFBC}") = "NProg.Distributed.WCF", "src\NProg.Distributed.WCF\NProg.Distributed.WCF.csproj", "{F84A2E32-9931-4C98-AA25-CE481CB89C0E}"
EndProject
Project("{FAE04EC0-301F-11D3-BF4B-00C04F79EFBC}") = "NProg.Distributed.Remoting", "src\NProg.Distributed.Remoting\NProg.Distributed.Remoting.csproj", "{077DB902-1745-4CEF-9714-E0F3AC17B452}"
EndProject
Project("{FAE04EC0-301F-11D3-BF4B-00C04F79EFBC}") = "NProg.Distributed.Zyan", "src\NProg.Distributed.Zyan\NProg.Distributed.Zyan.csproj", "{36EE5322-A915-44F7-B096-BE2901F1D9D1}"
EndProject
Project("{FAE04EC0-301F-11D3-BF4B-00C04F79EFBC}") = "NProg.Distributed.NetMQ", "src\NProg.Distributed.NetMQ\NProg.Distributed.NetMQ.csproj", "{AFDF644D-7775-4FCC-BBC4-DC5C3F8F43B1}"
EndProject
Project("{FAE04EC0-301F-11D3-BF4B-00C04F79EFBC}") = "NProg.Distributed.Ice", "src\NProg.Distributed.Ice\NProg.Distributed.Ice.csproj", "{40EFD682-85BD-48B3-8C88-1A9ADF4878E3}"
EndProject
Project("{2150E333-8FDC-42A3-9474-1A3956D46DE8}") = "Scripts", "Scripts", "{020167E8-2831-4C25-BD8F-E6E965D1F534}"
	ProjectSection(SolutionItems) = preProject
		scripts\StartClient.Ice.cmd = scripts\StartClient.Ice.cmd
		scripts\StartClient.NetMQ.cmd = scripts\StartClient.NetMQ.cmd
		scripts\StartClient.Remoting.100.cmd = scripts\StartClient.Remoting.100.cmd
		scripts\StartClient.Remoting.cmd = scripts\StartClient.Remoting.cmd
		scripts\StartClient.Thrift.cmd = scripts\StartClient.Thrift.cmd
		scripts\StartClient.Wcf.cmd = scripts\StartClient.Wcf.cmd
		scripts\StartClient.ZeroMQ.cmd = scripts\StartClient.ZeroMQ.cmd
		scripts\StartClient.Zyan.cmd = scripts\StartClient.Zyan.cmd
		scripts\StartServer.Ice.cmd = scripts\StartServer.Ice.cmd
		scripts\StartServer.NetMQ.cmd = scripts\StartServer.NetMQ.cmd
		scripts\StartServer.Remoting.cmd = scripts\StartServer.Remoting.cmd
		scripts\StartServer.Thrift.cmd = scripts\StartServer.Thrift.cmd
		scripts\StartServer.Wcf.cmd = scripts\StartServer.Wcf.cmd
		scripts\StartServer.ZeroMQ.cmd = scripts\StartServer.ZeroMQ.cmd
		scripts\StartServer.Zyan.cmd = scripts\StartServer.Zyan.cmd
	EndProjectSection
EndProject
Global
	GlobalSection(SolutionConfigurationPlatforms) = preSolution
		Debug|Any CPU = Debug|Any CPU
		Release|Any CPU = Release|Any CPU
	EndGlobalSection
	GlobalSection(ProjectConfigurationPlatforms) = postSolution
		{1487C697-4873-4265-B346-8782DA31B3AF}.Debug|Any CPU.ActiveCfg = Debug|Any CPU
		{1487C697-4873-4265-B346-8782DA31B3AF}.Debug|Any CPU.Build.0 = Debug|Any CPU
		{1487C697-4873-4265-B346-8782DA31B3AF}.Release|Any CPU.ActiveCfg = Release|Any CPU
		{1487C697-4873-4265-B346-8782DA31B3AF}.Release|Any CPU.Build.0 = Release|Any CPU
		{DC404E5D-4316-4A82-9F17-2B7F1FE6B209}.Debug|Any CPU.ActiveCfg = Debug|Any CPU
		{DC404E5D-4316-4A82-9F17-2B7F1FE6B209}.Debug|Any CPU.Build.0 = Debug|Any CPU
		{DC404E5D-4316-4A82-9F17-2B7F1FE6B209}.Release|Any CPU.ActiveCfg = Release|Any CPU
		{DC404E5D-4316-4A82-9F17-2B7F1FE6B209}.Release|Any CPU.Build.0 = Release|Any CPU
		{3AB7DCCB-B549-4F9F-B54D-C8025A139A8C}.Debug|Any CPU.ActiveCfg = Debug|Any CPU
		{3AB7DCCB-B549-4F9F-B54D-C8025A139A8C}.Debug|Any CPU.Build.0 = Debug|Any CPU
		{3AB7DCCB-B549-4F9F-B54D-C8025A139A8C}.Release|Any CPU.ActiveCfg = Release|Any CPU
		{3AB7DCCB-B549-4F9F-B54D-C8025A139A8C}.Release|Any CPU.Build.0 = Release|Any CPU
		{0ECFA0CF-D3C2-4DC4-A7F9-6B69F269FF08}.Debug|Any CPU.ActiveCfg = Debug|Any CPU
		{0ECFA0CF-D3C2-4DC4-A7F9-6B69F269FF08}.Debug|Any CPU.Build.0 = Debug|Any CPU
		{0ECFA0CF-D3C2-4DC4-A7F9-6B69F269FF08}.Release|Any CPU.ActiveCfg = Release|Any CPU
		{0ECFA0CF-D3C2-4DC4-A7F9-6B69F269FF08}.Release|Any CPU.Build.0 = Release|Any CPU
		{D0D3D474-E9B1-442D-939C-FD582020475F}.Debug|Any CPU.ActiveCfg = Debug|Any CPU
		{D0D3D474-E9B1-442D-939C-FD582020475F}.Debug|Any CPU.Build.0 = Debug|Any CPU
		{D0D3D474-E9B1-442D-939C-FD582020475F}.Release|Any CPU.ActiveCfg = Release|Any CPU
		{D0D3D474-E9B1-442D-939C-FD582020475F}.Release|Any CPU.Build.0 = Release|Any CPU
		{FBC30C00-9FEC-4D25-B706-B49E354ACB3F}.Debug|Any CPU.ActiveCfg = Debug|Any CPU
		{FBC30C00-9FEC-4D25-B706-B49E354ACB3F}.Debug|Any CPU.Build.0 = Debug|Any CPU
		{FBC30C00-9FEC-4D25-B706-B49E354ACB3F}.Release|Any CPU.ActiveCfg = Release|Any CPU
		{FBC30C00-9FEC-4D25-B706-B49E354ACB3F}.Release|Any CPU.Build.0 = Release|Any CPU
		{1355E9DA-7326-4A28-A117-6333ADC5FF99}.Debug|Any CPU.ActiveCfg = Debug|Any CPU
		{1355E9DA-7326-4A28-A117-6333ADC5FF99}.Debug|Any CPU.Build.0 = Debug|Any CPU
		{1355E9DA-7326-4A28-A117-6333ADC5FF99}.Release|Any CPU.ActiveCfg = Release|Any CPU
		{1355E9DA-7326-4A28-A117-6333ADC5FF99}.Release|Any CPU.Build.0 = Release|Any CPU
		{8FA0B9DB-FECA-4F4B-8A0B-963BDD2E437B}.Debug|Any CPU.ActiveCfg = Debug|Any CPU
		{8FA0B9DB-FECA-4F4B-8A0B-963BDD2E437B}.Debug|Any CPU.Build.0 = Debug|Any CPU
		{8FA0B9DB-FECA-4F4B-8A0B-963BDD2E437B}.Release|Any CPU.ActiveCfg = Release|Any CPU
		{8FA0B9DB-FECA-4F4B-8A0B-963BDD2E437B}.Release|Any CPU.Build.0 = Release|Any CPU
		{7FD0600F-A707-4883-9182-1229C102DB7E}.Debug|Any CPU.ActiveCfg = Debug|Any CPU
		{7FD0600F-A707-4883-9182-1229C102DB7E}.Debug|Any CPU.Build.0 = Debug|Any CPU
		{7FD0600F-A707-4883-9182-1229C102DB7E}.Release|Any CPU.ActiveCfg = Release|Any CPU
		{7FD0600F-A707-4883-9182-1229C102DB7E}.Release|Any CPU.Build.0 = Release|Any CPU
		{F84A2E32-9931-4C98-AA25-CE481CB89C0E}.Debug|Any CPU.ActiveCfg = Debug|Any CPU
		{F84A2E32-9931-4C98-AA25-CE481CB89C0E}.Debug|Any CPU.Build.0 = Debug|Any CPU
		{F84A2E32-9931-4C98-AA25-CE481CB89C0E}.Release|Any CPU.ActiveCfg = Release|Any CPU
		{F84A2E32-9931-4C98-AA25-CE481CB89C0E}.Release|Any CPU.Build.0 = Release|Any CPU
		{077DB902-1745-4CEF-9714-E0F3AC17B452}.Debug|Any CPU.ActiveCfg = Debug|Any CPU
		{077DB902-1745-4CEF-9714-E0F3AC17B452}.Debug|Any CPU.Build.0 = Debug|Any CPU
		{077DB902-1745-4CEF-9714-E0F3AC17B452}.Release|Any CPU.ActiveCfg = Release|Any CPU
		{077DB902-1745-4CEF-9714-E0F3AC17B452}.Release|Any CPU.Build.0 = Release|Any CPU
		{36EE5322-A915-44F7-B096-BE2901F1D9D1}.Debug|Any CPU.ActiveCfg = Debug|Any CPU
		{36EE5322-A915-44F7-B096-BE2901F1D9D1}.Debug|Any CPU.Build.0 = Debug|Any CPU
		{36EE5322-A915-44F7-B096-BE2901F1D9D1}.Release|Any CPU.ActiveCfg = Release|Any CPU
		{36EE5322-A915-44F7-B096-BE2901F1D9D1}.Release|Any CPU.Build.0 = Release|Any CPU
		{AFDF644D-7775-4FCC-BBC4-DC5C3F8F43B1}.Debug|Any CPU.ActiveCfg = Debug|Any CPU
		{AFDF644D-7775-4FCC-BBC4-DC5C3F8F43B1}.Debug|Any CPU.Build.0 = Debug|Any CPU
		{AFDF644D-7775-4FCC-BBC4-DC5C3F8F43B1}.Release|Any CPU.ActiveCfg = Release|Any CPU
		{AFDF644D-7775-4FCC-BBC4-DC5C3F8F43B1}.Release|Any CPU.Build.0 = Release|Any CPU
		{40EFD682-85BD-48B3-8C88-1A9ADF4878E3}.Debug|Any CPU.ActiveCfg = Debug|Any CPU
		{40EFD682-85BD-48B3-8C88-1A9ADF4878E3}.Debug|Any CPU.Build.0 = Debug|Any CPU
		{40EFD682-85BD-48B3-8C88-1A9ADF4878E3}.Release|Any CPU.ActiveCfg = Release|Any CPU
		{40EFD682-85BD-48B3-8C88-1A9ADF4878E3}.Release|Any CPU.Build.0 = Release|Any CPU
	EndGlobalSection
	GlobalSection(SolutionProperties) = preSolution
		HideSolutionNode = FALSE
	EndGlobalSection
	GlobalSection(NestedProjects) = preSolution
		{1487C697-4873-4265-B346-8782DA31B3AF} = {7FED1E69-8B86-4936-93EA-910BCE279F53}
		{842095DB-A845-4F4F-B00C-B1EA348DB446} = {C63D0373-27C0-4C1C-AEB6-935FBF0465B8}
		{7FED1E69-8B86-4936-93EA-910BCE279F53} = {C63D0373-27C0-4C1C-AEB6-935FBF0465B8}
		{04832DD2-FE42-4845-B39A-5F4B356C74C9} = {C63D0373-27C0-4C1C-AEB6-935FBF0465B8}
		{DC404E5D-4316-4A82-9F17-2B7F1FE6B209} = {842095DB-A845-4F4F-B00C-B1EA348DB446}
		{3AB7DCCB-B549-4F9F-B54D-C8025A139A8C} = {7FED1E69-8B86-4936-93EA-910BCE279F53}
		{0ECFA0CF-D3C2-4DC4-A7F9-6B69F269FF08} = {04832DD2-FE42-4845-B39A-5F4B356C74C9}
		{C3BB18C4-29E7-4C65-B93F-2DD287582C56} = {C63D0373-27C0-4C1C-AEB6-935FBF0465B8}
		{D0D3D474-E9B1-442D-939C-FD582020475F} = {C3BB18C4-29E7-4C65-B93F-2DD287582C56}
		{FBC30C00-9FEC-4D25-B706-B49E354ACB3F} = {842095DB-A845-4F4F-B00C-B1EA348DB446}
		{1355E9DA-7326-4A28-A117-6333ADC5FF99} = {04832DD2-FE42-4845-B39A-5F4B356C74C9}
		{8FA0B9DB-FECA-4F4B-8A0B-963BDD2E437B} = {7FED1E69-8B86-4936-93EA-910BCE279F53}
		{7FD0600F-A707-4883-9182-1229C102DB7E} = {26446979-8C4E-4935-85A8-54FADC0FAFC4}
		{F84A2E32-9931-4C98-AA25-CE481CB89C0E} = {04832DD2-FE42-4845-B39A-5F4B356C74C9}
		{077DB902-1745-4CEF-9714-E0F3AC17B452} = {04832DD2-FE42-4845-B39A-5F4B356C74C9}
		{36EE5322-A915-44F7-B096-BE2901F1D9D1} = {04832DD2-FE42-4845-B39A-5F4B356C74C9}
		{AFDF644D-7775-4FCC-BBC4-DC5C3F8F43B1} = {04832DD2-FE42-4845-B39A-5F4B356C74C9}
		{40EFD682-85BD-48B3-8C88-1A9ADF4878E3} = {04832DD2-FE42-4845-B39A-5F4B356C74C9}
		{020167E8-2831-4C25-BD8F-E6E965D1F534} = {AB3E64C8-1914-4741-8D26-CE354A70FFCB}
	EndGlobalSection
EndGlobal
